{
  "version": 4,
  "terraform_version": "0.12.0",
  "serial": 9,
  "lineage": "85ffb2c9-1667-a9e9-28e2-c2978f76fe72",
  "outputs": {},
  "resources": [
    {
      "mode": "data",
      "type": "aws_availability_zones",
      "name": "available",
      "provider": "provider.aws",
      "instances": [
        {
          "schema_version": 0,
          "attributes": {
            "blacklisted_names": null,
            "blacklisted_zone_ids": null,
            "id": "2020-02-20 16:47:34.640796 +0000 UTC",
            "names": [
              "eu-west-1a",
              "eu-west-1b",
              "eu-west-1c"
            ],
            "state": "available",
            "zone_ids": [
              "euw1-az1",
              "euw1-az2",
              "euw1-az3"
            ]
          }
        }
      ]
    },
    {
      "mode": "managed",
      "type": "aws_internet_gateway",
      "name": "gateway",
      "provider": "provider.aws",
      "instances": [
        {
          "schema_version": 0,
          "attributes": {
            "id": "igw-08df811c54cef1089",
            "owner_id": "722777194664",
            "tags": {
              "Name": "terraform_gateway",
              "built_by": "terraform"
            },
            "vpc_id": "vpc-0a94a76ce2c219123"
          },
          "depends_on": [
            "aws_vpc.vpc"
          ]
        }
      ]
    },
    {
      "mode": "managed",
      "type": "aws_route_table",
      "name": "route",
      "provider": "provider.aws",
      "instances": [
        {
          "schema_version": 0,
          "attributes": {
            "id": "rtb-082c96a86e29a0b7f",
            "owner_id": "722777194664",
            "propagating_vgws": [],
            "route": [
              {
                "cidr_block": "0.0.0.0/0",
                "egress_only_gateway_id": "",
                "gateway_id": "igw-08df811c54cef1089",
                "instance_id": "",
                "ipv6_cidr_block": "",
                "nat_gateway_id": "",
                "network_interface_id": "",
                "transit_gateway_id": "",
                "vpc_peering_connection_id": ""
              }
            ],
            "tags": {
              "Name": "terraform_route",
              "built_by": "terraform"
            },
            "vpc_id": "vpc-0a94a76ce2c219123"
          },
          "depends_on": [
            "aws_internet_gateway.gateway",
            "aws_vpc.vpc"
          ]
        }
      ]
    },
    {
      "mode": "managed",
      "type": "aws_security_group",
      "name": "allow_ssh",
      "provider": "provider.aws",
      "instances": [
        {
          "schema_version": 1,
          "attributes": {
            "arn": "arn:aws:ec2:eu-west-1:722777194664:security-group/sg-0934fd290b29556fd",
            "description": "Allow SSH inbound traffic",
            "egress": [],
            "id": "sg-0934fd290b29556fd",
            "ingress": [
              {
                "cidr_blocks": [
                  "0.0.0.0/0"
                ],
                "description": "",
                "from_port": 22,
                "ipv6_cidr_blocks": [],
                "prefix_list_ids": [],
                "protocol": "tcp",
                "security_groups": [],
                "self": false,
                "to_port": 22
              }
            ],
            "name": "allow_ssh",
            "name_prefix": null,
            "owner_id": "722777194664",
            "revoke_rules_on_delete": false,
            "tags": {
              "Name": "terraform_security_group",
              "built_by": "terraform"
            },
            "timeouts": null,
            "vpc_id": "vpc-0a94a76ce2c219123"
          },
          "depends_on": [
            "aws_vpc.vpc"
          ]
        }
      ]
    },
    {
      "mode": "managed",
      "type": "aws_subnet",
      "name": "private",
      "each": "list",
      "provider": "provider.aws",
      "instances": [
        {
          "index_key": 0,
          "schema_version": 1,
          "attributes": {
            "arn": "arn:aws:ec2:eu-west-1:722777194664:subnet/subnet-08b7caabe80c1be2e",
            "assign_ipv6_address_on_creation": false,
            "availability_zone": "eu-west-1a",
            "availability_zone_id": "euw1-az1",
            "cidr_block": "10.0.1.0/24",
            "id": "subnet-08b7caabe80c1be2e",
            "ipv6_cidr_block": "",
            "ipv6_cidr_block_association_id": "",
            "map_public_ip_on_launch": false,
            "owner_id": "722777194664",
            "tags": {
              "Name": "terraform_subnet",
              "built_by": "terraform",
              "subnet_type": "private"
            },
            "timeouts": null,
            "vpc_id": "vpc-0a94a76ce2c219123"
          },
          "depends_on": [
            "aws_vpc.vpc",
            "data.aws_availability_zones.available"
          ]
        },
        {
          "index_key": 1,
          "schema_version": 1,
          "attributes": {
            "arn": "arn:aws:ec2:eu-west-1:722777194664:subnet/subnet-0a6dbc274b8fde91f",
            "assign_ipv6_address_on_creation": false,
            "availability_zone": "eu-west-1b",
            "availability_zone_id": "euw1-az2",
            "cidr_block": "10.0.2.0/24",
            "id": "subnet-0a6dbc274b8fde91f",
            "ipv6_cidr_block": "",
            "ipv6_cidr_block_association_id": "",
            "map_public_ip_on_launch": false,
            "owner_id": "722777194664",
            "tags": {
              "Name": "terraform_subnet",
              "built_by": "terraform",
              "subnet_type": "private"
            },
            "timeouts": null,
            "vpc_id": "vpc-0a94a76ce2c219123"
          },
          "depends_on": [
            "aws_vpc.vpc",
            "data.aws_availability_zones.available"
          ]
        }
      ]
    },
    {
      "mode": "managed",
      "type": "aws_subnet",
      "name": "public",
      "each": "list",
      "provider": "provider.aws",
      "instances": [
        {
          "index_key": 0,
          "schema_version": 1,
          "attributes": {
            "arn": "arn:aws:ec2:eu-west-1:722777194664:subnet/subnet-012c4805cd1de291f",
            "assign_ipv6_address_on_creation": false,
            "availability_zone": "eu-west-1a",
            "availability_zone_id": "euw1-az1",
            "cidr_block": "10.0.255.0/24",
            "id": "subnet-012c4805cd1de291f",
            "ipv6_cidr_block": "",
            "ipv6_cidr_block_association_id": "",
            "map_public_ip_on_launch": true,
            "owner_id": "722777194664",
            "tags": {
              "Name": "terraform_subnet",
              "built_by": "terraform",
              "subnet_type": "public"
            },
            "timeouts": null,
            "vpc_id": "vpc-0a94a76ce2c219123"
          },
          "depends_on": [
            "aws_vpc.vpc",
            "data.aws_availability_zones.available"
          ]
        },
        {
          "index_key": 1,
          "schema_version": 1,
          "attributes": {
            "arn": "arn:aws:ec2:eu-west-1:722777194664:subnet/subnet-0ffb56c4deb75adcd",
            "assign_ipv6_address_on_creation": false,
            "availability_zone": "eu-west-1b",
            "availability_zone_id": "euw1-az2",
            "cidr_block": "10.0.254.0/24",
            "id": "subnet-0ffb56c4deb75adcd",
            "ipv6_cidr_block": "",
            "ipv6_cidr_block_association_id": "",
            "map_public_ip_on_launch": true,
            "owner_id": "722777194664",
            "tags": {
              "Name": "terraform_subnet",
              "built_by": "terraform",
              "subnet_type": "public"
            },
            "timeouts": null,
            "vpc_id": "vpc-0a94a76ce2c219123"
          },
          "depends_on": [
            "aws_vpc.vpc",
            "data.aws_availability_zones.available"
          ]
        }
      ]
    },
    {
      "mode": "managed",
      "type": "aws_vpc",
      "name": "vpc",
      "provider": "provider.aws",
      "instances": [
        {
          "schema_version": 1,
          "attributes": {
            "arn": "arn:aws:ec2:eu-west-1:722777194664:vpc/vpc-0a94a76ce2c219123",
            "assign_generated_ipv6_cidr_block": false,
            "cidr_block": "10.0.0.0/16",
            "default_network_acl_id": "acl-09e76057f62d98c64",
            "default_route_table_id": "rtb-07e9f677b6bfb7dc3",
            "default_security_group_id": "sg-00f941d3e2407b4e9",
            "dhcp_options_id": "dopt-355dd950",
            "enable_classiclink": false,
            "enable_classiclink_dns_support": false,
            "enable_dns_hostnames": true,
            "enable_dns_support": true,
            "id": "vpc-0a94a76ce2c219123",
            "instance_tenancy": "default",
            "ipv6_association_id": "",
            "ipv6_cidr_block": "",
            "main_route_table_id": "rtb-07e9f677b6bfb7dc3",
            "owner_id": "722777194664",
            "tags": {
              "Name": "terraform_vpc",
              "built_by": "terraform"
            }
          }
        }
      ]
    }
  ]
}
